
Microsoft Visual Studio Solution File, Format Version 12.00
# Visual Studio Version 16
VisualStudioVersion = 16.0.30204.135
MinimumVisualStudioVersion = 10.0.40219.1
Project("{FAE04EC0-301F-11D3-BF4B-00C04F79EFBC}") = "BooksApi", "BooksApi.csproj", "{AB6A8894-F62A-45F6-A4C6-2041202DE967}"
EndProject
Global
	GlobalSection(SolutionConfigurationPlatforms) = preSolution
		Debug|Any CPU = Debug|Any CPU
		Release|Any CPU = Release|Any CPU
	EndGlobalSection
	GlobalSection(ProjectConfigurationPlatforms) = postSolution
		{AB6A8894-F62A-45F6-A4C6-2041202DE967}.Debug|Any CPU.ActiveCfg = Debug|Any CPU
		{AB6A8894-F62A-45F6-A4C6-2041202DE967}.Debug|Any CPU.Build.0 = Debug|Any CPU
		{AB6A8894-F62A-45F6-A4C6-2041202DE967}.Release|Any CPU.ActiveCfg = Release|Any CPU
		{AB6A8894-F62A-45F6-A4C6-2041202DE967}.Release|Any CPU.Build.0 = Release|Any CPU
	EndGlobalSection
	GlobalSection(SolutionProperties) = preSolution
		HideSolutionNode = FALSE
	EndGlobalSection
	GlobalSection(ExtensibilityGlobals) = postSolution
		SolutionGuid = {54857882-2D55-4C4C-80B8-AFA47167D632}
	EndGlobalSection
EndGlobal
